
Microsoft Visual Studio Solution File, Format Version 12.00
# Visual Studio Version 17
VisualStudioVersion = 17.0.31903.59
MinimumVisualStudioVersion = 10.0.40219.1
Project("{2150E333-8FDC-42A3-9474-1A3956D46DE8}") = "Uri Versioning", "Uri Versioning", "{8D7DDAF9-251F-4587-855E-246DFE16BB00}"
	ProjectSection(SolutionItems) = preProject
		Uri Versioning\Uri Versioning.sln = Uri Versioning\Uri Versioning.sln
		Uri Versioning\README.md = Uri Versioning\README.md
	EndProjectSection
EndProject
Project("{FAE04EC0-301F-11D3-BF4B-00C04F79EFBC}") = "API.UnitTests", "Uri Versioning\API.UnitTests\API.UnitTests.csproj", "{954AFD39-CB38-4258-9130-BA3511524BBC}"
EndProject
Project("{FAE04EC0-301F-11D3-BF4B-00C04F79EFBC}") = "API.IntegrationTests", "Uri Versioning\API.IntegrationTests\API.IntegrationTests.csproj", "{786ED607-AAAF-43A9-87D6-3DCA35228C31}"
EndProject
Project("{FAE04EC0-301F-11D3-BF4B-00C04F79EFBC}") = "API", "Uri Versioning\API\API.csproj", "{9ECA6A24-B9C4-4F19-AB41-D45C8A65C573}"
EndProject
Project("{2150E333-8FDC-42A3-9474-1A3956D46DE8}") = "Model State Validation", "Model State Validation", "{44F5650B-E1E7-4EC5-BDBF-E4D12C6FA1EE}"
	ProjectSection(SolutionItems) = preProject
		Model State Validation\Model State Validation.sln = Model State Validation\Model State Validation.sln
		Model State Validation\README.md = Model State Validation\README.md
	EndProjectSection
EndProject
Project("{FAE04EC0-301F-11D3-BF4B-00C04F79EFBC}") = "API", "Model State Validation\API\API.csproj", "{8EE3736A-583D-446E-8F6B-7237429BBAEA}"
EndProject
Project("{FAE04EC0-301F-11D3-BF4B-00C04F79EFBC}") = "API.UnitTests", "Model State Validation\API.UnitTests\API.UnitTests.csproj", "{DBE7B9CD-1A1B-4B72-B045-26B7CFB071C6}"
EndProject
Project("{FAE04EC0-301F-11D3-BF4B-00C04F79EFBC}") = "API.IntegrationTests", "Model State Validation\API.IntegrationTests\API.IntegrationTests.csproj", "{BF4703A6-FEA9-4F8C-8140-0516593F9082}"
EndProject
Project("{2150E333-8FDC-42A3-9474-1A3956D46DE8}") = "In Memory Caching", "In Memory Caching", "{2CA573A8-05A6-4843-BAE7-DD3DCC4E4533}"
	ProjectSection(SolutionItems) = preProject
		In Memory Caching\In Memory Caching.sln = In Memory Caching\In Memory Caching.sln
		In Memory Caching\README.md = In Memory Caching\README.md
	EndProjectSection
EndProject
Project("{FAE04EC0-301F-11D3-BF4B-00C04F79EFBC}") = "API.UnitTests", "In Memory Caching\API.UnitTests\API.UnitTests.csproj", "{19E286A5-A938-4966-ACA4-C218AB5B7E8C}"
EndProject
Project("{FAE04EC0-301F-11D3-BF4B-00C04F79EFBC}") = "API.IntegrationTests", "In Memory Caching\API.IntegrationTests\API.IntegrationTests.csproj", "{9FEC674A-65AC-42EF-9718-2A8D0EA63455}"
EndProject
Project("{FAE04EC0-301F-11D3-BF4B-00C04F79EFBC}") = "API", "In Memory Caching\API\API.csproj", "{15BFFDDC-A7C3-4F3E-A2AF-FD04B027ADF6}"
EndProject
Project("{2150E333-8FDC-42A3-9474-1A3956D46DE8}") = "Simple Authentication", "Simple Authentication", "{55AED7BF-9C67-4E9F-886C-5A9ED72FB1F4}"
	ProjectSection(SolutionItems) = preProject
		Simple Authentication\Simple Authentication.sln = Simple Authentication\Simple Authentication.sln
		Simple Authentication\README.md = Simple Authentication\README.md
	EndProjectSection
EndProject
Project("{FAE04EC0-301F-11D3-BF4B-00C04F79EFBC}") = "API", "Simple Authentication\API\API.csproj", "{FE312A27-37AB-4B7C-93E1-A4CFD7FC4CF8}"
EndProject
Project("{2150E333-8FDC-42A3-9474-1A3956D46DE8}") = "Open API Documentation", "Open API Documentation", "{9188A808-12E0-48E2-98D3-64EF49F6B8E1}"
	ProjectSection(SolutionItems) = preProject
		Open API Documentation\README.md = Open API Documentation\README.md
	EndProjectSection
EndProject
Project("{FAE04EC0-301F-11D3-BF4B-00C04F79EFBC}") = "Swagger.MinimalAPI", "Open API Documentation\Swagger.MinimalAPI\Swagger.MinimalAPI.csproj", "{A092F873-69EE-4277-A15B-FCC4332A279C}"
EndProject
Global
	GlobalSection(SolutionConfigurationPlatforms) = preSolution
		Debug|Any CPU = Debug|Any CPU
		Release|Any CPU = Release|Any CPU
	EndGlobalSection
	GlobalSection(SolutionProperties) = preSolution
		HideSolutionNode = FALSE
	EndGlobalSection
	GlobalSection(NestedProjects) = preSolution
		{954AFD39-CB38-4258-9130-BA3511524BBC} = {8D7DDAF9-251F-4587-855E-246DFE16BB00}
		{786ED607-AAAF-43A9-87D6-3DCA35228C31} = {8D7DDAF9-251F-4587-855E-246DFE16BB00}
		{9ECA6A24-B9C4-4F19-AB41-D45C8A65C573} = {8D7DDAF9-251F-4587-855E-246DFE16BB00}
		{8EE3736A-583D-446E-8F6B-7237429BBAEA} = {44F5650B-E1E7-4EC5-BDBF-E4D12C6FA1EE}
		{DBE7B9CD-1A1B-4B72-B045-26B7CFB071C6} = {44F5650B-E1E7-4EC5-BDBF-E4D12C6FA1EE}
		{BF4703A6-FEA9-4F8C-8140-0516593F9082} = {44F5650B-E1E7-4EC5-BDBF-E4D12C6FA1EE}
		{19E286A5-A938-4966-ACA4-C218AB5B7E8C} = {2CA573A8-05A6-4843-BAE7-DD3DCC4E4533}
		{9FEC674A-65AC-42EF-9718-2A8D0EA63455} = {2CA573A8-05A6-4843-BAE7-DD3DCC4E4533}
		{15BFFDDC-A7C3-4F3E-A2AF-FD04B027ADF6} = {2CA573A8-05A6-4843-BAE7-DD3DCC4E4533}
		{FE312A27-37AB-4B7C-93E1-A4CFD7FC4CF8} = {55AED7BF-9C67-4E9F-886C-5A9ED72FB1F4}
		{A092F873-69EE-4277-A15B-FCC4332A279C} = {9188A808-12E0-48E2-98D3-64EF49F6B8E1}
	EndGlobalSection
	GlobalSection(ProjectConfigurationPlatforms) = postSolution
		{954AFD39-CB38-4258-9130-BA3511524BBC}.Debug|Any CPU.ActiveCfg = Debug|Any CPU
		{954AFD39-CB38-4258-9130-BA3511524BBC}.Debug|Any CPU.Build.0 = Debug|Any CPU
		{954AFD39-CB38-4258-9130-BA3511524BBC}.Release|Any CPU.ActiveCfg = Release|Any CPU
		{954AFD39-CB38-4258-9130-BA3511524BBC}.Release|Any CPU.Build.0 = Release|Any CPU
		{786ED607-AAAF-43A9-87D6-3DCA35228C31}.Debug|Any CPU.ActiveCfg = Debug|Any CPU
		{786ED607-AAAF-43A9-87D6-3DCA35228C31}.Debug|Any CPU.Build.0 = Debug|Any CPU
		{786ED607-AAAF-43A9-87D6-3DCA35228C31}.Release|Any CPU.ActiveCfg = Release|Any CPU
		{786ED607-AAAF-43A9-87D6-3DCA35228C31}.Release|Any CPU.Build.0 = Release|Any CPU
		{9ECA6A24-B9C4-4F19-AB41-D45C8A65C573}.Debug|Any CPU.ActiveCfg = Debug|Any CPU
		{9ECA6A24-B9C4-4F19-AB41-D45C8A65C573}.Debug|Any CPU.Build.0 = Debug|Any CPU
		{9ECA6A24-B9C4-4F19-AB41-D45C8A65C573}.Release|Any CPU.ActiveCfg = Release|Any CPU
		{9ECA6A24-B9C4-4F19-AB41-D45C8A65C573}.Release|Any CPU.Build.0 = Release|Any CPU
		{8EE3736A-583D-446E-8F6B-7237429BBAEA}.Debug|Any CPU.ActiveCfg = Debug|Any CPU
		{8EE3736A-583D-446E-8F6B-7237429BBAEA}.Debug|Any CPU.Build.0 = Debug|Any CPU
		{8EE3736A-583D-446E-8F6B-7237429BBAEA}.Release|Any CPU.ActiveCfg = Release|Any CPU
		{8EE3736A-583D-446E-8F6B-7237429BBAEA}.Release|Any CPU.Build.0 = Release|Any CPU
		{DBE7B9CD-1A1B-4B72-B045-26B7CFB071C6}.Debug|Any CPU.ActiveCfg = Debug|Any CPU
		{DBE7B9CD-1A1B-4B72-B045-26B7CFB071C6}.Debug|Any CPU.Build.0 = Debug|Any CPU
		{DBE7B9CD-1A1B-4B72-B045-26B7CFB071C6}.Release|Any CPU.ActiveCfg = Release|Any CPU
		{DBE7B9CD-1A1B-4B72-B045-26B7CFB071C6}.Release|Any CPU.Build.0 = Release|Any CPU
		{BF4703A6-FEA9-4F8C-8140-0516593F9082}.Debug|Any CPU.ActiveCfg = Debug|Any CPU
		{BF4703A6-FEA9-4F8C-8140-0516593F9082}.Debug|Any CPU.Build.0 = Debug|Any CPU
		{BF4703A6-FEA9-4F8C-8140-0516593F9082}.Release|Any CPU.ActiveCfg = Release|Any CPU
		{BF4703A6-FEA9-4F8C-8140-0516593F9082}.Release|Any CPU.Build.0 = Release|Any CPU
		{19E286A5-A938-4966-ACA4-C218AB5B7E8C}.Debug|Any CPU.ActiveCfg = Debug|Any CPU
		{19E286A5-A938-4966-ACA4-C218AB5B7E8C}.Debug|Any CPU.Build.0 = Debug|Any CPU
		{19E286A5-A938-4966-ACA4-C218AB5B7E8C}.Release|Any CPU.ActiveCfg = Release|Any CPU
		{19E286A5-A938-4966-ACA4-C218AB5B7E8C}.Release|Any CPU.Build.0 = Release|Any CPU
		{9FEC674A-65AC-42EF-9718-2A8D0EA63455}.Debug|Any CPU.ActiveCfg = Debug|Any CPU
		{9FEC674A-65AC-42EF-9718-2A8D0EA63455}.Debug|Any CPU.Build.0 = Debug|Any CPU
		{9FEC674A-65AC-42EF-9718-2A8D0EA63455}.Release|Any CPU.ActiveCfg = Release|Any CPU
		{9FEC674A-65AC-42EF-9718-2A8D0EA63455}.Release|Any CPU.Build.0 = Release|Any CPU
		{15BFFDDC-A7C3-4F3E-A2AF-FD04B027ADF6}.Debug|Any CPU.ActiveCfg = Debug|Any CPU
		{15BFFDDC-A7C3-4F3E-A2AF-FD04B027ADF6}.Debug|Any CPU.Build.0 = Debug|Any CPU
		{15BFFDDC-A7C3-4F3E-A2AF-FD04B027ADF6}.Release|Any CPU.ActiveCfg = Release|Any CPU
		{15BFFDDC-A7C3-4F3E-A2AF-FD04B027ADF6}.Release|Any CPU.Build.0 = Release|Any CPU
		{FE312A27-37AB-4B7C-93E1-A4CFD7FC4CF8}.Debug|Any CPU.ActiveCfg = Debug|Any CPU
		{FE312A27-37AB-4B7C-93E1-A4CFD7FC4CF8}.Debug|Any CPU.Build.0 = Debug|Any CPU
		{FE312A27-37AB-4B7C-93E1-A4CFD7FC4CF8}.Release|Any CPU.ActiveCfg = Release|Any CPU
		{FE312A27-37AB-4B7C-93E1-A4CFD7FC4CF8}.Release|Any CPU.Build.0 = Release|Any CPU
		{A092F873-69EE-4277-A15B-FCC4332A279C}.Debug|Any CPU.ActiveCfg = Debug|Any CPU
		{A092F873-69EE-4277-A15B-FCC4332A279C}.Debug|Any CPU.Build.0 = Debug|Any CPU
		{A092F873-69EE-4277-A15B-FCC4332A279C}.Release|Any CPU.ActiveCfg = Release|Any CPU
		{A092F873-69EE-4277-A15B-FCC4332A279C}.Release|Any CPU.Build.0 = Release|Any CPU
	EndGlobalSection
EndGlobal
